
Microsoft Visual Studio Solution File, Format Version 12.00
Project("{F2A71F9B-5D33-465A-A702-920D77279786}") = "FSharpEventBug", "FSharpEventBug\FSharpEventBug.fsproj", "{65F6A493-9F70-4C07-8609-1E699393AC09}"
EndProject
Project("{FAE04EC0-301F-11D3-BF4B-00C04F79EFBC}") = "CSharpLibrary", "CSharpLibrary\CSharpLibrary.csproj", "{CC1247D3-F5AE-4FBA-851F-CA50DE4301BD}"
EndProject
Global
	GlobalSection(SolutionConfigurationPlatforms) = preSolution
		Debug|Any CPU = Debug|Any CPU
		Release|Any CPU = Release|Any CPU
	EndGlobalSection
	GlobalSection(ProjectConfigurationPlatforms) = postSolution
		{65F6A493-9F70-4C07-8609-1E699393AC09}.Debug|Any CPU.ActiveCfg = Debug|Any CPU
		{65F6A493-9F70-4C07-8609-1E699393AC09}.Debug|Any CPU.Build.0 = Debug|Any CPU
		{65F6A493-9F70-4C07-8609-1E699393AC09}.Release|Any CPU.ActiveCfg = Release|Any CPU
		{65F6A493-9F70-4C07-8609-1E699393AC09}.Release|Any CPU.Build.0 = Release|Any CPU
		{CC1247D3-F5AE-4FBA-851F-CA50DE4301BD}.Debug|Any CPU.ActiveCfg = Debug|Any CPU
		{CC1247D3-F5AE-4FBA-851F-CA50DE4301BD}.Debug|Any CPU.Build.0 = Debug|Any CPU
		{CC1247D3-F5AE-4FBA-851F-CA50DE4301BD}.Release|Any CPU.ActiveCfg = Release|Any CPU
		{CC1247D3-F5AE-4FBA-851F-CA50DE4301BD}.Release|Any CPU.Build.0 = Release|Any CPU
	EndGlobalSection
EndGlobal
